
Microsoft Visual Studio Solution File, Format Version 12.00
Project("{FAE04EC0-301F-11D3-BF4B-00C04F79EFBC}") = "KspModdingSample", "KspModdingSample\KspModdingSample.csproj", "{5ED6AA5B-5CB9-43A2-BA6B-6183FA60B782}"
EndProject
Global
	GlobalSection(SolutionConfigurationPlatforms) = preSolution
		Debug|Any CPU = Debug|Any CPU
		Release|Any CPU = Release|Any CPU
	EndGlobalSection
	GlobalSection(ProjectConfigurationPlatforms) = postSolution
		{5ED6AA5B-5CB9-43A2-BA6B-6183FA60B782}.Debug|Any CPU.ActiveCfg = Debug|Any CPU
		{5ED6AA5B-5CB9-43A2-BA6B-6183FA60B782}.Debug|Any CPU.Build.0 = Debug|Any CPU
		{5ED6AA5B-5CB9-43A2-BA6B-6183FA60B782}.Release|Any CPU.ActiveCfg = Release|Any CPU
		{5ED6AA5B-5CB9-43A2-BA6B-6183FA60B782}.Release|Any CPU.Build.0 = Release|Any CPU
	EndGlobalSection
EndGlobal
